
Microsoft Visual Studio Solution File, Format Version 12.00
# Visual Studio Version 17
VisualStudioVersion = 17.2.32630.192
MinimumVisualStudioVersion = 10.0.40219.1
Project("{FAE04EC0-301F-11D3-BF4B-00C04F79EFBC}") = "Social Network", "Social Network\Social Network.csproj", "{92682C83-3477-40A3-BD19-3D1AC6256360}"
EndProject
Global
	GlobalSection(SolutionConfigurationPlatforms) = preSolution
		Debug|Any CPU = Debug|Any CPU
		Release|Any CPU = Release|Any CPU
	EndGlobalSection
	GlobalSection(ProjectConfigurationPlatforms) = postSolution
		{92682C83-3477-40A3-BD19-3D1AC6256360}.Debug|Any CPU.ActiveCfg = Debug|Any CPU
		{92682C83-3477-40A3-BD19-3D1AC6256360}.Debug|Any CPU.Build.0 = Debug|Any CPU
		{92682C83-3477-40A3-BD19-3D1AC6256360}.Release|Any CPU.ActiveCfg = Release|Any CPU
		{92682C83-3477-40A3-BD19-3D1AC6256360}.Release|Any CPU.Build.0 = Release|Any CPU
	EndGlobalSection
	GlobalSection(SolutionProperties) = preSolution
		HideSolutionNode = FALSE
	EndGlobalSection
	GlobalSection(ExtensibilityGlobals) = postSolution
		SolutionGuid = {19006B61-320A-44FC-BF50-BDF3D5F4FF6C}
	EndGlobalSection
EndGlobal
